{
  "name": "kenwood-contacts",
  "version": "0.1.0",
  "lockfileVersion": 1,
  "requires": true,
  "dependencies": {
    "core-js": {
      "version": "3.6.1",
      "resolved": "https://registry.npmjs.org/core-js/-/core-js-3.6.1.tgz",
      "integrity": "sha512-186WjSik2iTGfDjfdCZAxv2ormxtKgemjC3SI6PL31qOA0j5LhTDVjHChccoc7brwLvpvLPiMyRlcO88C4l1QQ=="
    },
    "vue-router": {
      "version": "3.1.3",
      "resolved": "https://registry.npmjs.org/vue-router/-/vue-router-3.1.3.tgz",
      "integrity": "sha512-8iSa4mGNXBjyuSZFCCO4fiKfvzqk+mhL0lnKuGcQtO1eoj8nq3CmbEG8FwK5QqoqwDgsjsf1GDuisDX4cdb/aQ=="
    }
  }
}
